{
  "name": "vibe-collector",
  "version": "1.0.0",
  "lockfileVersion": 3,
  "requires": true,
  "packages": {
    "": {
      "name": "vibe-collector",
      "version": "1.0.0",
      "dependencies": {
        "@capacitor/android": "^6.2.0",
        "@capacitor/app": "^6.0.2",
        "@capacitor/core": "^6.2.0",
        "@capacitor/cli": "^6.2.0"
      }
    }
  }
}
